
Microsoft Visual Studio Solution File, Format Version 12.00
# Visual Studio Version 16
VisualStudioVersion = 16.0.30517.126
MinimumVisualStudioVersion = 10.0.40219.1
Project("{FAE04EC0-301F-11D3-BF4B-00C04F79EFBC}") = "Lab2", "Lab2\Lab2.csproj", "{CFA2EF35-2C13-4611-98AE-78F9E2026131}"
EndProject
Global
	GlobalSection(SolutionConfigurationPlatforms) = preSolution
		Debug|Any CPU = Debug|Any CPU
		Release|Any CPU = Release|Any CPU
	EndGlobalSection
	GlobalSection(ProjectConfigurationPlatforms) = postSolution
		{CFA2EF35-2C13-4611-98AE-78F9E2026131}.Debug|Any CPU.ActiveCfg = Debug|Any CPU
		{CFA2EF35-2C13-4611-98AE-78F9E2026131}.Debug|Any CPU.Build.0 = Debug|Any CPU
		{CFA2EF35-2C13-4611-98AE-78F9E2026131}.Release|Any CPU.ActiveCfg = Release|Any CPU
		{CFA2EF35-2C13-4611-98AE-78F9E2026131}.Release|Any CPU.Build.0 = Release|Any CPU
	EndGlobalSection
	GlobalSection(SolutionProperties) = preSolution
		HideSolutionNode = FALSE
	EndGlobalSection
	GlobalSection(ExtensibilityGlobals) = postSolution
		SolutionGuid = {2D308CC6-251D-4E21-9109-C2E0E27ACB1F}
	EndGlobalSection
EndGlobal
